// !$*UTF8*$!
{
	archiveVersion = 1;
	classes = {
	};
	objectVersion = 46;
	objects = {

/* Begin PBXBuildFile section */
		462778341DB37358007AA3C9 /* AppDelegate.swift in Sources */ = {isa = PBXBuildFile; fileRef = 462778331DB37358007AA3C9 /* AppDelegate.swift */; };
		462778361DB37358007AA3C9 /* ViewController.swift in Sources */ = {isa = PBXBuildFile; fileRef = 462778351DB37358007AA3C9 /* ViewController.swift */; };
		462778391DB37358007AA3C9 /* Main.storyboard in Resources */ = {isa = PBXBuildFile; fileRef = 462778371DB37358007AA3C9 /* Main.storyboard */; };
		4627783B1DB37358007AA3C9 /* Assets.xcassets in Resources */ = {isa = PBXBuildFile; fileRef = 4627783A1DB37358007AA3C9 /* Assets.xcassets */; };
		4627783E1DB37358007AA3C9 /* LaunchScreen.storyboard in Resources */ = {isa = PBXBuildFile; fileRef = 4627783C1DB37358007AA3C9 /* LaunchScreen.storyboard */; };
/* End PBXBuildFile section */

/* Begin PBXFileReference section */
		462778301DB37358007AA3C9 /* dpqrapp.app */ = {isa = PBXFileReference; explicitFileType = wrapper.application; includeInIndex = 0; path = dpqrapp.app; sourceTree = BUILT_PRODUCTS_DIR; };
		462778331DB37358007AA3C9 /* AppDelegate.swift */ = {isa = PBXFileReference; lastKnownFileType = sourcecode.swift; path = AppDelegate.swift; sourceTree = "<group>"; };
		462778351DB37358007AA3C9 /* ViewController.swift */ = {isa = PBXFileReference; lastKnownFileType = sourcecode.swift; path = ViewController.swift; sourceTree = "<group>"; };
		462778381DB37358007AA3C9 /* Base */ = {isa = PBXFileReference; lastKnownFileType = file.storyboard; name = Base; path = Base.lproj/Main.storyboard; sourceTree = "<group>"; };
		4627783A1DB37358007AA3C9 /* Assets.xcassets */ = {isa = PBXFileReference; lastKnownFileType = folder.assetcatalog; path = Assets.xcassets; sourceTree = "<group>"; };
		4627783D1DB37358007AA3C9 /* Base */ = {isa = PBXFileReference; lastKnownFileType = file.storyboard; name = Base; path = Base.lproj/LaunchScreen.storyboard; sourceTree = "<group>"; };
		4627783F1DB37358007AA3C9 /* Info.plist */ = {isa = PBXFileReference; lastKnownFileType = text.plist.xml; path = Info.plist; sourceTree = "<group>"; };
/* End PBXFileReference section */

/* Begin PBXFrameworksBuildPhase section */
		4627782D1DB37357007AA3C9 /* Frameworks */ = {
			isa = PBXFrameworksBuildPhase;
			buildActionMask = 2147483647;
			files = (
			);
			runOnlyForDeploymentPostprocessing = 0;
		};
/* End PBXFrameworksBuildPhase section */

/* Begin PBXGroup section */
		462778271DB37357007AA3C9 = {
			isa = PBXGroup;
			children = (
				462778321DB37358007AA3C9 /* dpqrapp */,
				462778311DB37358007AA3C9 /* Products */,
			);
			sourceTree = "<group>";
		};
		462778311DB37358007AA3C9 /* Products */ = {
			isa = PBXGroup;
			children = (
				462778301DB37358007AA3C9 /* dpqrapp.app */,
			);
			name = Products;
			sourceTree = "<group>";
		};
		462778321DB37358007AA3C9 /* dpqrapp */ = {
			isa = PBXGroup;
			children = (
				462778331DB37358007AA3C9 /* AppDelegate.swift */,
				462778351DB37358007AA3C9 /* ViewController.swift */,
				462778371DB37358007AA3C9 /* Main.storyboard */,
				4627783A1DB37358007AA3C9 /* Assets.xcassets */,
				4627783C1DB37358007AA3C9 /* LaunchScreen.storyboard */,
				4627783F1DB37358007AA3C9 /* Info.plist */,
			);
			path = dpqrapp;
			sourceTree = "<group>";
		};
/* End PBXGroup section */

/* Begin PBXNativeTarget section */
		4627782F1DB37357007AA3C9 /* dpqrapp */ = {
			isa = PBXNativeTarget;
			buildConfigurationList = 462778421DB37358007AA3C9 /* Build configuration list for PBXNativeTarget "dpqrapp" */;
			buildPhases = (
				4627782C1DB37357007AA3C9 /* Sources */,
				4627782D1DB37357007AA3C9 /* Frameworks */,
				4627782E1DB37357007AA3C9 /* Resources */,
			);
			buildRules = (
			);
			dependencies = (
			);
			name = dpqrapp;
			productName = dpqrapp;
			productReference = 462778301DB37358007AA3C9 /* dpqrapp.app */;
			productType = "com.apple.product-type.application";
		};
/* End PBXNativeTarget section */

/* Begin PBXProject section */
		462778281DB37357007AA3C9 /* Project object */ = {
			isa = PBXProject;
			attributes = {
				LastSwiftUpdateCheck = 0800;
				LastUpgradeCheck = 0800;
				ORGANIZATIONNAME = "Vojtěch Honig";
				TargetAttributes = {
					4627782F1DB37357007AA3C9 = {
						CreatedOnToolsVersion = 8.0;
						ProvisioningStyle = Automatic;
					};
				};
			};
			buildConfigurationList = 4627782B1DB37357007AA3C9 /* Build configuration list for PBXProject "dpqrapp" */;
			compatibilityVersion = "Xcode 3.2";
			developmentRegion = English;
			hasScannedForEncodings = 0;
			knownRegions = (
				en,
				Base,
			);
			mainGroup = 462778271DB37357007AA3C9;
			productRefGroup = 462778311DB37358007AA3C9 /* Products */;
			projectDirPath = "";
			projectRoot = "";
			targets = (
				4627782F1DB37357007AA3C9 /* dpqrapp */,
			);
		};
/* End PBXProject section */

/* Begin PBXResourcesBuildPhase section */
		4627782E1DB37357007AA3C9 /* Resources */ = {
			isa = PBXResourcesBuildPhase;
			buildActionMask = 2147483647;
			files = (
				4627783E1DB37358007AA3C9 /* LaunchScreen.storyboard in Resources */,
				4627783B1DB37358007AA3C9 /* Assets.xcassets in Resources */,
				462778391DB37358007AA3C9 /* Main.storyboard in Resources */,
			);
			runOnlyForDeploymentPostprocessing = 0;
		};
/* End PBXResourcesBuildPhase section */

/* Begin PBXSourcesBuildPhase section */
		4627782C1DB37357007AA3C9 /* Sources */ = {
			isa = PBXSourcesBuildPhase;
			buildActionMask = 2147483647;
			files = (
				462778361DB37358007AA3C9 /* ViewController.swift in Sources */,
				462778341DB37358007AA3C9 /* AppDelegate.swift in Sources */,
			);
			runOnlyForDeploymentPostprocessing = 0;
		};
/* End PBXSourcesBuildPhase section */

/* Begin PBXVariantGroup section */
		462778371DB37358007AA3C9 /* Main.storyboard */ = {
			isa = PBXVariantGroup;
			children = (
				462778381DB37358007AA3C9 /* Base */,
			);
			name = Main.storyboard;
			sourceTree = "<group>";
		};
		4627783C1DB37358007AA3C9 /* LaunchScreen.storyboard */ = {
			isa = PBXVariantGroup;
			children = (
				4627783D1DB37358007AA3C9 /* Base */,
			);
			name = LaunchScreen.storyboard;
			sourceTree = "<group>";
		};
/* End PBXVariantGroup section */

/* Begin XCBuildConfiguration section */
		462778401DB37358007AA3C9 /* Debug */ = {
			isa = XCBuildConfiguration;
			buildSettings = {
				ALWAYS_SEARCH_USER_PATHS = NO;
				CLANG_ANALYZER_NONNULL = YES;
				CLANG_CXX_LANGUAGE_STANDARD = "gnu++0x";
				CLANG_CXX_LIBRARY = "libc++";
				CLANG_ENABLE_MODULES = YES;
				CLANG_ENABLE_OBJC_ARC = YES;
				CLANG_WARN_BOOL_CONVERSION = YES;
				CLANG_WARN_CONSTANT_CONVERSION = YES;
				CLANG_WARN_DIRECT_OBJC_ISA_USAGE = YES_ERROR;
				CLANG_WARN_DOCUMENTATION_COMMENTS = YES;
				CLANG_WARN_EMPTY_BODY = YES;
				CLANG_WARN_ENUM_CONVERSION = YES;
				CLANG_WARN_INFINITE_RECURSION = YES;
				CLANG_WARN_INT_CONVERSION = YES;
				CLANG_WARN_OBJC_ROOT_CLASS = YES_ERROR;
				CLANG_WARN_SUSPICIOUS_MOVES = YES;
				CLANG_WARN_UNREACHABLE_CODE = YES;
				CLANG_WARN__DUPLICATE_METHOD_MATCH = YES;
				"CODE_SIGN_IDENTITY[sdk=iphoneos*]" = "iPhone Developer";
				COPY_PHASE_STRIP = NO;
				DEBUG_INFORMATION_FORMAT = dwarf;
				ENABLE_STRICT_OBJC_MSGSEND = YES;
				ENABLE_TESTABILITY = YES;
				GCC_C_LANGUAGE_STANDARD = gnu99;
				GCC_DYNAMIC_NO_PIC = NO;
				GCC_NO_COMMON_BLOCKS = YES;
				GCC_OPTIMIZATION_LEVEL = 0;
				GCC_PREPROCESSOR_DEFINITIONS = (
					"DEBUG=1",
					"$(inherited)",
				);
				GCC_WARN_64_TO_32_BIT_CONVERSION = YES;
				GCC_WARN_ABOUT_RETURN_TYPE = YES_ERROR;
				GCC_WARN_UNDECLARED_SELECTOR = YES;
				GCC_WARN_UNINITIALIZED_AUTOS = YES_AGGRESSIVE;
				GCC_WARN_UNUSED_FUNCTION = YES;
				GCC_WARN_UNUSED_VARIABLE = YES;
				IPHONEOS_DEPLOYMENT_TARGET = 10.0;
				MTL_ENABLE_DEBUG_INFO = YES;
				ONLY_ACTIVE_ARCH = YES;
				SDKROOT = iphoneos;
				SWIFT_ACTIVE_COMPILATION_CONDITIONS = DEBUG;
				SWIFT_OPTIMIZATION_LEVEL = "-Onone";
			};
			name = Debug;
		};
		462778411DB37358007AA3C9 /* Release */ = {
			isa = XCBuildConfiguration;
			buildSettings = {
				ALWAYS_SEARCH_USER_PATHS = NO;
				CLANG_ANALYZER_NONNULL = YES;
				CLANG_CXX_LANGUAGE_STANDARD = "gnu++0x";
				CLANG_CXX_LIBRARY = "libc++";
				CLANG_ENABLE_MODULES = YES;
				CLANG_ENABLE_OBJC_ARC = YES;
				CLANG_WARN_BOOL_CONVERSION = YES;
				CLANG_WARN_CONSTANT_CONVERSION = YES;
				CLANG_WARN_DIRECT_OBJC_ISA_USAGE = YES_ERROR;
				CLANG_WARN_DOCUMENTATION_COMMENTS = YES;
				CLANG_WARN_EMPTY_BODY = YES;
				CLANG_WARN_ENUM_CONVERSION = YES;
				CLANG_WARN_INFINITE_RECURSION = YES;
				CLANG_WARN_INT_CONVERSION = YES;
				CLANG_WARN_OBJC_ROOT_CLASS = YES_ERROR;
				CLANG_WARN_SUSPICIOUS_MOVES = YES;
				CLANG_WARN_UNREACHABLE_CODE = YES;
				CLANG_WARN__DUPLICATE_METHOD_MATCH = YES;
				"CODE_SIGN_IDENTITY[sdk=iphoneos*]" = "iPhone Developer";
				COPY_PHASE_STRIP = NO;
				DEBUG_INFORMATION_FORMAT = "dwarf-with-dsym";
				ENABLE_NS_ASSERTIONS = NO;
				ENABLE_STRICT_OBJC_MSGSEND = YES;
				GCC_C_LANGUAGE_STANDARD = gnu99;
				GCC_NO_COMMON_BLOCKS = YES;
				GCC_WARN_64_TO_32_BIT_CONVERSION = YES;
				GCC_WARN_ABOUT_RETURN_TYPE = YES_ERROR;
				GCC_WARN_UNDECLARED_SELECTOR = YES;
				GCC_WARN_UNINITIALIZED_AUTOS = YES_AGGRESSIVE;
				GCC_WARN_UNUSED_FUNCTION = YES;
				GCC_WARN_UNUSED_VARIABLE = YES;
				IPHONEOS_DEPLOYMENT_TARGET = 10.0;
				MTL_ENABLE_DEBUG_INFO = NO;
				SDKROOT = iphoneos;
				SWIFT_OPTIMIZATION_LEVEL = "-Owholemodule";
				VALIDATE_PRODUCT = YES;
			};
			name = Release;
		};
		462778431DB37358007AA3C9 /* Debug */ = {
			isa = XCBuildConfiguration;
			buildSettings = {
				ASSETCATALOG_COMPILER_APPICON_NAME = AppIcon;
				INFOPLIST_FILE = dpqrapp/Info.plist;
				LD_RUNPATH_SEARCH_PATHS = "$(inherited) @executable_path/Frameworks";
				PRODUCT_BUNDLE_IDENTIFIER = coldcat.dpqrapp;
				PRODUCT_NAME = "$(TARGET_NAME)";
				SWIFT_VERSION = 3.0;
			};
			name = Debug;
		};
		462778441DB37358007AA3C9 /* Release */ = {
			isa = XCBuildConfiguration;
			buildSettings = {
				ASSETCATALOG_COMPILER_APPICON_NAME = AppIcon;
				INFOPLIST_FILE = dpqrapp/Info.plist;
				LD_RUNPATH_SEARCH_PATHS = "$(inherited) @executable_path/Frameworks";
				PRODUCT_BUNDLE_IDENTIFIER = coldcat.dpqrapp;
				PRODUCT_NAME = "$(TARGET_NAME)";
				SWIFT_VERSION = 3.0;
			};
			name = Release;
		};
/* End XCBuildConfiguration section */

/* Begin XCConfigurationList section */
		4627782B1DB37357007AA3C9 /* Build configuration list for PBXProject "dpqrapp" */ = {
			isa = XCConfigurationList;
			buildConfigurations = (
				462778401DB37358007AA3C9 /* Debug */,
				462778411DB37358007AA3C9 /* Release */,
			);
			defaultConfigurationIsVisible = 0;
			defaultConfigurationName = Release;
		};
		462778421DB37358007AA3C9 /* Build configuration list for PBXNativeTarget "dpqrapp" */ = {
			isa = XCConfigurationList;
			buildConfigurations = (
				462778431DB37358007AA3C9 /* Debug */,
				462778441DB37358007AA3C9 /* Release */,
			);
			defaultConfigurationIsVisible = 0;
		};
/* End XCConfigurationList section */
	};
	rootObject = 462778281DB37357007AA3C9 /* Project object */;
}
